
Microsoft Visual Studio Solution File, Format Version 12.00
# Visual Studio Version 17
VisualStudioVersion = 17.3.32922.545
MinimumVisualStudioVersion = 10.0.40219.1
Project("{FAE04EC0-301F-11D3-BF4B-00C04F79EFBC}") = "WebApi", "WebApi\WebApi.csproj", "{9776053A-EC0C-434F-BD68-F15E5345D75A}"
EndProject
Global
	GlobalSection(SolutionConfigurationPlatforms) = preSolution
		Debug|Any CPU = Debug|Any CPU
		Release|Any CPU = Release|Any CPU
	EndGlobalSection
	GlobalSection(ProjectConfigurationPlatforms) = postSolution
		{9776053A-EC0C-434F-BD68-F15E5345D75A}.Debug|Any CPU.ActiveCfg = Debug|Any CPU
		{9776053A-EC0C-434F-BD68-F15E5345D75A}.Debug|Any CPU.Build.0 = Debug|Any CPU
		{9776053A-EC0C-434F-BD68-F15E5345D75A}.Release|Any CPU.ActiveCfg = Release|Any CPU
		{9776053A-EC0C-434F-BD68-F15E5345D75A}.Release|Any CPU.Build.0 = Release|Any CPU
	EndGlobalSection
	GlobalSection(SolutionProperties) = preSolution
		HideSolutionNode = FALSE
	EndGlobalSection
	GlobalSection(ExtensibilityGlobals) = postSolution
		SolutionGuid = {CB8110C2-3A58-4F12-A934-51F3B013F8D7}
	EndGlobalSection
EndGlobal
